// !$*UTF8*$!
{
	archiveVersion = 1;
	classes = {
	};
	objectVersion = 50;
	objects = {

/* Begin PBXBuildFile section */
		038FB79F20AC2B0200B86D89 /* AppDelegate.swift in Sources */ = {isa = PBXBuildFile; fileRef = 038FB79E20AC2B0200B86D89 /* AppDelegate.swift */; };
		038FB7A120AC2B0200B86D89 /* ViewController.swift in Sources */ = {isa = PBXBuildFile; fileRef = 038FB7A020AC2B0200B86D89 /* ViewController.swift */; };
		038FB7A420AC2B0200B86D89 /* Main.storyboard in Resources */ = {isa = PBXBuildFile; fileRef = 038FB7A220AC2B0200B86D89 /* Main.storyboard */; };
		038FB7A620AC2B0300B86D89 /* Assets.xcassets in Resources */ = {isa = PBXBuildFile; fileRef = 038FB7A520AC2B0300B86D89 /* Assets.xcassets */; };
		038FB7A920AC2B0300B86D89 /* LaunchScreen.storyboard in Resources */ = {isa = PBXBuildFile; fileRef = 038FB7A720AC2B0300B86D89 /* LaunchScreen.storyboard */; };
/* End PBXBuildFile section */

/* Begin PBXFileReference section */
		038FB79B20AC2B0200B86D89 /* ReactNativeExistingiOS.app */ = {isa = PBXFileReference; explicitFileType = wrapper.application; includeInIndex = 0; path = ReactNativeExistingiOS.app; sourceTree = BUILT_PRODUCTS_DIR; };
		038FB79E20AC2B0200B86D89 /* AppDelegate.swift */ = {isa = PBXFileReference; lastKnownFileType = sourcecode.swift; path = AppDelegate.swift; sourceTree = "<group>"; };
		038FB7A020AC2B0200B86D89 /* ViewController.swift */ = {isa = PBXFileReference; lastKnownFileType = sourcecode.swift; path = ViewController.swift; sourceTree = "<group>"; };
		038FB7A320AC2B0200B86D89 /* Base */ = {isa = PBXFileReference; lastKnownFileType = file.storyboard; name = Base; path = Base.lproj/Main.storyboard; sourceTree = "<group>"; };
		038FB7A520AC2B0300B86D89 /* Assets.xcassets */ = {isa = PBXFileReference; lastKnownFileType = folder.assetcatalog; path = Assets.xcassets; sourceTree = "<group>"; };
		038FB7A820AC2B0300B86D89 /* Base */ = {isa = PBXFileReference; lastKnownFileType = file.storyboard; name = Base; path = Base.lproj/LaunchScreen.storyboard; sourceTree = "<group>"; };
		038FB7AA20AC2B0300B86D89 /* Info.plist */ = {isa = PBXFileReference; lastKnownFileType = text.plist.xml; path = Info.plist; sourceTree = "<group>"; };
/* End PBXFileReference section */

/* Begin PBXFrameworksBuildPhase section */
		038FB79820AC2B0200B86D89 /* Frameworks */ = {
			isa = PBXFrameworksBuildPhase;
			buildActionMask = 2147483647;
			files = (
			);
			runOnlyForDeploymentPostprocessing = 0;
		};
/* End PBXFrameworksBuildPhase section */

/* Begin PBXGroup section */
		038FB79220AC2B0200B86D89 = {
			isa = PBXGroup;
			children = (
				038FB79D20AC2B0200B86D89 /* ReactNativeExistingiOS */,
				038FB79C20AC2B0200B86D89 /* Products */,
			);
			sourceTree = "<group>";
		};
		038FB79C20AC2B0200B86D89 /* Products */ = {
			isa = PBXGroup;
			children = (
				038FB79B20AC2B0200B86D89 /* ReactNativeExistingiOS.app */,
			);
			name = Products;
			sourceTree = "<group>";
		};
		038FB79D20AC2B0200B86D89 /* ReactNativeExistingiOS */ = {
			isa = PBXGroup;
			children = (
				038FB79E20AC2B0200B86D89 /* AppDelegate.swift */,
				038FB7A020AC2B0200B86D89 /* ViewController.swift */,
				038FB7A220AC2B0200B86D89 /* Main.storyboard */,
				038FB7A520AC2B0300B86D89 /* Assets.xcassets */,
				038FB7A720AC2B0300B86D89 /* LaunchScreen.storyboard */,
				038FB7AA20AC2B0300B86D89 /* Info.plist */,
			);
			path = ReactNativeExistingiOS;
			sourceTree = "<group>";
		};
/* End PBXGroup section */

/* Begin PBXNativeTarget section */
		038FB79A20AC2B0200B86D89 /* ReactNativeExistingiOS */ = {
			isa = PBXNativeTarget;
			buildConfigurationList = 038FB7AD20AC2B0300B86D89 /* Build configuration list for PBXNativeTarget "ReactNativeExistingiOS" */;
			buildPhases = (
				038FB79720AC2B0200B86D89 /* Sources */,
				038FB79820AC2B0200B86D89 /* Frameworks */,
				038FB79920AC2B0200B86D89 /* Resources */,
			);
			buildRules = (
			);
			dependencies = (
			);
			name = ReactNativeExistingiOS;
			productName = ReactNativeExistingiOS;
			productReference = 038FB79B20AC2B0200B86D89 /* ReactNativeExistingiOS.app */;
			productType = "com.apple.product-type.application";
		};
/* End PBXNativeTarget section */

/* Begin PBXProject section */
		038FB79320AC2B0200B86D89 /* Project object */ = {
			isa = PBXProject;
			attributes = {
				LastSwiftUpdateCheck = 0940;
				LastUpgradeCheck = 0940;
				ORGANIZATIONNAME = "Josh Justice";
				TargetAttributes = {
					038FB79A20AC2B0200B86D89 = {
						CreatedOnToolsVersion = 9.4;
					};
				};
			};
			buildConfigurationList = 038FB79620AC2B0200B86D89 /* Build configuration list for PBXProject "ReactNativeExistingiOS" */;
			compatibilityVersion = "Xcode 9.3";
			developmentRegion = en;
			hasScannedForEncodings = 0;
			knownRegions = (
				en,
				Base,
			);
			mainGroup = 038FB79220AC2B0200B86D89;
			productRefGroup = 038FB79C20AC2B0200B86D89 /* Products */;
			projectDirPath = "";
			projectRoot = "";
			targets = (
				038FB79A20AC2B0200B86D89 /* ReactNativeExistingiOS */,
			);
		};
/* End PBXProject section */

/* Begin PBXResourcesBuildPhase section */
		038FB79920AC2B0200B86D89 /* Resources */ = {
			isa = PBXResourcesBuildPhase;
			buildActionMask = 2147483647;
			files = (
				038FB7A920AC2B0300B86D89 /* LaunchScreen.storyboard in Resources */,
				038FB7A620AC2B0300B86D89 /* Assets.xcassets in Resources */,
				038FB7A420AC2B0200B86D89 /* Main.storyboard in Resources */,
			);
			runOnlyForDeploymentPostprocessing = 0;
		};
/* End PBXResourcesBuildPhase section */

/* Begin PBXSourcesBuildPhase section */
		038FB79720AC2B0200B86D89 /* Sources */ = {
			isa = PBXSourcesBuildPhase;
			buildActionMask = 2147483647;
			files = (
				038FB7A120AC2B0200B86D89 /* ViewController.swift in Sources */,
				038FB79F20AC2B0200B86D89 /* AppDelegate.swift in Sources */,
			);
			runOnlyForDeploymentPostprocessing = 0;
		};
/* End PBXSourcesBuildPhase section */

/* Begin PBXVariantGroup section */
		038FB7A220AC2B0200B86D89 /* Main.storyboard */ = {
			isa = PBXVariantGroup;
			children = (
				038FB7A320AC2B0200B86D89 /* Base */,
			);
			name = Main.storyboard;
			sourceTree = "<group>";
		};
		038FB7A720AC2B0300B86D89 /* LaunchScreen.storyboard */ = {
			isa = PBXVariantGroup;
			children = (
				038FB7A820AC2B0300B86D89 /* Base */,
			);
			name = LaunchScreen.storyboard;
			sourceTree = "<group>";
		};
/* End PBXVariantGroup section */

/* Begin XCBuildConfiguration section */
		038FB7AB20AC2B0300B86D89 /* Debug */ = {
			isa = XCBuildConfiguration;
			buildSettings = {
				ALWAYS_SEARCH_USER_PATHS = NO;
				CLANG_ANALYZER_NONNULL = YES;
				CLANG_ANALYZER_NUMBER_OBJECT_CONVERSION = YES_AGGRESSIVE;
				CLANG_CXX_LANGUAGE_STANDARD = "gnu++14";
				CLANG_CXX_LIBRARY = "libc++";
				CLANG_ENABLE_MODULES = YES;
				CLANG_ENABLE_OBJC_ARC = YES;
				CLANG_ENABLE_OBJC_WEAK = YES;
				CLANG_WARN_BLOCK_CAPTURE_AUTORELEASING = YES;
				CLANG_WARN_BOOL_CONVERSION = YES;
				CLANG_WARN_COMMA = YES;
				CLANG_WARN_CONSTANT_CONVERSION = YES;
				CLANG_WARN_DEPRECATED_OBJC_IMPLEMENTATIONS = YES;
				CLANG_WARN_DIRECT_OBJC_ISA_USAGE = YES_ERROR;
				CLANG_WARN_DOCUMENTATION_COMMENTS = YES;
				CLANG_WARN_EMPTY_BODY = YES;
				CLANG_WARN_ENUM_CONVERSION = YES;
				CLANG_WARN_INFINITE_RECURSION = YES;
				CLANG_WARN_INT_CONVERSION = YES;
				CLANG_WARN_NON_LITERAL_NULL_CONVERSION = YES;
				CLANG_WARN_OBJC_IMPLICIT_RETAIN_SELF = YES;
				CLANG_WARN_OBJC_LITERAL_CONVERSION = YES;
				CLANG_WARN_OBJC_ROOT_CLASS = YES_ERROR;
				CLANG_WARN_RANGE_LOOP_ANALYSIS = YES;
				CLANG_WARN_STRICT_PROTOTYPES = YES;
				CLANG_WARN_SUSPICIOUS_MOVE = YES;
				CLANG_WARN_UNGUARDED_AVAILABILITY = YES_AGGRESSIVE;
				CLANG_WARN_UNREACHABLE_CODE = YES;
				CLANG_WARN__DUPLICATE_METHOD_MATCH = YES;
				CODE_SIGN_IDENTITY = "iPhone Developer";
				COPY_PHASE_STRIP = NO;
				DEBUG_INFORMATION_FORMAT = dwarf;
				ENABLE_STRICT_OBJC_MSGSEND = YES;
				ENABLE_TESTABILITY = YES;
				GCC_C_LANGUAGE_STANDARD = gnu11;
				GCC_DYNAMIC_NO_PIC = NO;
				GCC_NO_COMMON_BLOCKS = YES;
				GCC_OPTIMIZATION_LEVEL = 0;
				GCC_PREPROCESSOR_DEFINITIONS = (
					"DEBUG=1",
					"$(inherited)",
				);
				GCC_WARN_64_TO_32_BIT_CONVERSION = YES;
				GCC_WARN_ABOUT_RETURN_TYPE = YES_ERROR;
				GCC_WARN_UNDECLARED_SELECTOR = YES;
				GCC_WARN_UNINITIALIZED_AUTOS = YES_AGGRESSIVE;
				GCC_WARN_UNUSED_FUNCTION = YES;
				GCC_WARN_UNUSED_VARIABLE = YES;
				IPHONEOS_DEPLOYMENT_TARGET = 11.4;
				MTL_ENABLE_DEBUG_INFO = YES;
				ONLY_ACTIVE_ARCH = YES;
				SDKROOT = iphoneos;
				SWIFT_ACTIVE_COMPILATION_CONDITIONS = DEBUG;
				SWIFT_OPTIMIZATION_LEVEL = "-Onone";
			};
			name = Debug;
		};
		038FB7AC20AC2B0300B86D89 /* Release */ = {
			isa = XCBuildConfiguration;
			buildSettings = {
				ALWAYS_SEARCH_USER_PATHS = NO;
				CLANG_ANALYZER_NONNULL = YES;
				CLANG_ANALYZER_NUMBER_OBJECT_CONVERSION = YES_AGGRESSIVE;
				CLANG_CXX_LANGUAGE_STANDARD = "gnu++14";
				CLANG_CXX_LIBRARY = "libc++";
				CLANG_ENABLE_MODULES = YES;
				CLANG_ENABLE_OBJC_ARC = YES;
				CLANG_ENABLE_OBJC_WEAK = YES;
				CLANG_WARN_BLOCK_CAPTURE_AUTORELEASING = YES;
				CLANG_WARN_BOOL_CONVERSION = YES;
				CLANG_WARN_COMMA = YES;
				CLANG_WARN_CONSTANT_CONVERSION = YES;
				CLANG_WARN_DEPRECATED_OBJC_IMPLEMENTATIONS = YES;
				CLANG_WARN_DIRECT_OBJC_ISA_USAGE = YES_ERROR;
				CLANG_WARN_DOCUMENTATION_COMMENTS = YES;
				CLANG_WARN_EMPTY_BODY = YES;
				CLANG_WARN_ENUM_CONVERSION = YES;
				CLANG_WARN_INFINITE_RECURSION = YES;
				CLANG_WARN_INT_CONVERSION = YES;
				CLANG_WARN_NON_LITERAL_NULL_CONVERSION = YES;
				CLANG_WARN_OBJC_IMPLICIT_RETAIN_SELF = YES;
				CLANG_WARN_OBJC_LITERAL_CONVERSION = YES;
				CLANG_WARN_OBJC_ROOT_CLASS = YES_ERROR;
				CLANG_WARN_RANGE_LOOP_ANALYSIS = YES;
				CLANG_WARN_STRICT_PROTOTYPES = YES;
				CLANG_WARN_SUSPICIOUS_MOVE = YES;
				CLANG_WARN_UNGUARDED_AVAILABILITY = YES_AGGRESSIVE;
				CLANG_WARN_UNREACHABLE_CODE = YES;
				CLANG_WARN__DUPLICATE_METHOD_MATCH = YES;
				CODE_SIGN_IDENTITY = "iPhone Developer";
				COPY_PHASE_STRIP = NO;
				DEBUG_INFORMATION_FORMAT = "dwarf-with-dsym";
				ENABLE_NS_ASSERTIONS = NO;
				ENABLE_STRICT_OBJC_MSGSEND = YES;
				GCC_C_LANGUAGE_STANDARD = gnu11;
				GCC_NO_COMMON_BLOCKS = YES;
				GCC_WARN_64_TO_32_BIT_CONVERSION = YES;
				GCC_WARN_ABOUT_RETURN_TYPE = YES_ERROR;
				GCC_WARN_UNDECLARED_SELECTOR = YES;
				GCC_WARN_UNINITIALIZED_AUTOS = YES_AGGRESSIVE;
				GCC_WARN_UNUSED_FUNCTION = YES;
				GCC_WARN_UNUSED_VARIABLE = YES;
				IPHONEOS_DEPLOYMENT_TARGET = 11.4;
				MTL_ENABLE_DEBUG_INFO = NO;
				SDKROOT = iphoneos;
				SWIFT_COMPILATION_MODE = wholemodule;
				SWIFT_OPTIMIZATION_LEVEL = "-O";
				VALIDATE_PRODUCT = YES;
			};
			name = Release;
		};
		038FB7AE20AC2B0300B86D89 /* Debug */ = {
			isa = XCBuildConfiguration;
			buildSettings = {
				ASSETCATALOG_COMPILER_APPICON_NAME = AppIcon;
				CODE_SIGN_STYLE = Automatic;
				INFOPLIST_FILE = ReactNativeExistingiOS/Info.plist;
				LD_RUNPATH_SEARCH_PATHS = (
					"$(inherited)",
					"@executable_path/Frameworks",
				);
				PRODUCT_BUNDLE_IDENTIFIER = "com.need-bee.sandbox.ReactNativeExistingiOS";
				PRODUCT_NAME = "$(TARGET_NAME)";
				SWIFT_VERSION = 4.0;
				TARGETED_DEVICE_FAMILY = "1,2";
			};
			name = Debug;
		};
		038FB7AF20AC2B0300B86D89 /* Release */ = {
			isa = XCBuildConfiguration;
			buildSettings = {
				ASSETCATALOG_COMPILER_APPICON_NAME = AppIcon;
				CODE_SIGN_STYLE = Automatic;
				INFOPLIST_FILE = ReactNativeExistingiOS/Info.plist;
				LD_RUNPATH_SEARCH_PATHS = (
					"$(inherited)",
					"@executable_path/Frameworks",
				);
				PRODUCT_BUNDLE_IDENTIFIER = "com.need-bee.sandbox.ReactNativeExistingiOS";
				PRODUCT_NAME = "$(TARGET_NAME)";
				SWIFT_VERSION = 4.0;
				TARGETED_DEVICE_FAMILY = "1,2";
			};
			name = Release;
		};
/* End XCBuildConfiguration section */

/* Begin XCConfigurationList section */
		038FB79620AC2B0200B86D89 /* Build configuration list for PBXProject "ReactNativeExistingiOS" */ = {
			isa = XCConfigurationList;
			buildConfigurations = (
				038FB7AB20AC2B0300B86D89 /* Debug */,
				038FB7AC20AC2B0300B86D89 /* Release */,
			);
			defaultConfigurationIsVisible = 0;
			defaultConfigurationName = Release;
		};
		038FB7AD20AC2B0300B86D89 /* Build configuration list for PBXNativeTarget "ReactNativeExistingiOS" */ = {
			isa = XCConfigurationList;
			buildConfigurations = (
				038FB7AE20AC2B0300B86D89 /* Debug */,
				038FB7AF20AC2B0300B86D89 /* Release */,
			);
			defaultConfigurationIsVisible = 0;
			defaultConfigurationName = Release;
		};
/* End XCConfigurationList section */
	};
	rootObject = 038FB79320AC2B0200B86D89 /* Project object */;
}
